
Microsoft Visual Studio Solution File, Format Version 12.00
# Visual Studio 15
VisualStudioVersion = 15.0.28010.2026
MinimumVisualStudioVersion = 10.0.40219.1
Project("{FAE04EC0-301F-11D3-BF4B-00C04F79EFBC}") = "aimp_youtubedl", "aimp_youtubedl.csproj", "{6C10D63D-E175-4E1C-A759-BA612345F3D6}"
EndProject
Global
	GlobalSection(SolutionConfigurationPlatforms) = preSolution
		Debug|Any CPU = Debug|Any CPU
		Release|Any CPU = Release|Any CPU
	EndGlobalSection
	GlobalSection(ProjectConfigurationPlatforms) = postSolution
		{6C10D63D-E175-4E1C-A759-BA612345F3D6}.Debug|Any CPU.ActiveCfg = Debug|Any CPU
		{6C10D63D-E175-4E1C-A759-BA612345F3D6}.Debug|Any CPU.Build.0 = Debug|Any CPU
		{6C10D63D-E175-4E1C-A759-BA612345F3D6}.Release|Any CPU.ActiveCfg = Release|Any CPU
		{6C10D63D-E175-4E1C-A759-BA612345F3D6}.Release|Any CPU.Build.0 = Release|Any CPU
	EndGlobalSection
	GlobalSection(SolutionProperties) = preSolution
		HideSolutionNode = FALSE
	EndGlobalSection
	GlobalSection(ExtensibilityGlobals) = postSolution
		SolutionGuid = {0A84F643-11DD-4F0C-B0ED-1183652DB5AD}
	EndGlobalSection
EndGlobal
