
Microsoft Visual Studio Solution File, Format Version 12.00
# Visual Studio Version 16
VisualStudioVersion = 16.0.29025.244
MinimumVisualStudioVersion = 10.0.40219.1
Project("{FAE04EC0-301F-11D3-BF4B-00C04F79EFBC}") = "aimp_youtubedl", "aimp_youtubedl.csproj", "{D9AD8C9B-5BCC-4837-912E-F3E3AE8A7F40}"
EndProject
Global
	GlobalSection(SolutionConfigurationPlatforms) = preSolution
		Debug|x86 = Debug|x86
		Release|x86 = Release|x86
	EndGlobalSection
	GlobalSection(ProjectConfigurationPlatforms) = postSolution
		{D9AD8C9B-5BCC-4837-912E-F3E3AE8A7F40}.Debug|x86.ActiveCfg = Debug|x86
		{D9AD8C9B-5BCC-4837-912E-F3E3AE8A7F40}.Debug|x86.Build.0 = Debug|x86
		{D9AD8C9B-5BCC-4837-912E-F3E3AE8A7F40}.Release|x86.ActiveCfg = Release|x86
		{D9AD8C9B-5BCC-4837-912E-F3E3AE8A7F40}.Release|x86.Build.0 = Release|x86
	EndGlobalSection
	GlobalSection(SolutionProperties) = preSolution
		HideSolutionNode = FALSE
	EndGlobalSection
	GlobalSection(ExtensibilityGlobals) = postSolution
		SolutionGuid = {0A84F643-11DD-4F0C-B0ED-1183652DB5AD}
	EndGlobalSection
EndGlobal
