
Microsoft Visual Studio Solution File, Format Version 12.00
# Visual Studio Version 16
VisualStudioVersion = 16.0.29025.244
MinimumVisualStudioVersion = 10.0.40219.1
Project("{9A19103F-16F7-4668-BE54-9A1E7A4F7556}") = "aimp_youtubedl", "aimp_youtubedl.csproj", "{6C10D63D-E175-4E1C-A759-BA612345F3D6}"
EndProject
Global
	GlobalSection(SolutionConfigurationPlatforms) = preSolution
		Debug|x86 = Debug|x86
		Release|x86 = Release|x86
	EndGlobalSection
	GlobalSection(ProjectConfigurationPlatforms) = postSolution
		{6C10D63D-E175-4E1C-A759-BA612345F3D6}.Debug|x86.ActiveCfg = Debug|Any CPU
		{6C10D63D-E175-4E1C-A759-BA612345F3D6}.Debug|x86.Build.0 = Debug|Any CPU
		{6C10D63D-E175-4E1C-A759-BA612345F3D6}.Release|x86.ActiveCfg = Release|Any CPU
		{6C10D63D-E175-4E1C-A759-BA612345F3D6}.Release|x86.Build.0 = Release|Any CPU
	EndGlobalSection
	GlobalSection(SolutionProperties) = preSolution
		HideSolutionNode = FALSE
	EndGlobalSection
	GlobalSection(ExtensibilityGlobals) = postSolution
		SolutionGuid = {0A84F643-11DD-4F0C-B0ED-1183652DB5AD}
	EndGlobalSection
EndGlobal
