<?xml version="1.0" encoding="utf-8"?>
<Project ToolsVersion="4.0" xmlns="http://schemas.microsoft.com/developer/msbuild/2003">
  <ItemGroup>
    <Filter Include="Source Files">
      <UniqueIdentifier>{4FC737F1-C7A5-4376-A066-2A32D752A2FF}</UniqueIdentifier>
      <Extensions>cpp;c;cc;cxx;c++;def;odl;idl;hpj;bat;asm;asmx</Extensions>
    </Filter>
    <Filter Include="Header Files">
      <UniqueIdentifier>{93995380-89BD-4b04-88EB-625FBE52EBFB}</UniqueIdentifier>
      <Extensions>h;hh;hpp;hxx;h++;hm;inl;inc;ipp;xsd</Extensions>
    </Filter>
    <Filter Include="Resource Files">
      <UniqueIdentifier>{67DA6AB6-F800-4c08-8B7A-83BB121AAD01}</UniqueIdentifier>
      <Extensions>rc;ico;cur;bmp;dlg;rc2;rct;bin;rgs;gif;jpg;jpeg;jpe;resx;tiff;tif;png;wav;mfcribbon-ms</Extensions>
    </Filter>
  </ItemGroup>
  <ItemGroup>
    <ClInclude Include="apiActions.h">
      <Filter>Header Files</Filter>
    </ClInclude>
    <ClInclude Include="apiAlbumArt.h">
      <Filter>Header Files</Filter>
    </ClInclude>
    <ClInclude Include="apiCore.h">
      <Filter>Header Files</Filter>
    </ClInclude>
    <ClInclude Include="apiDecoders.h">
      <Filter>Header Files</Filter>
    </ClInclude>
    <ClInclude Include="apiFileManager.h">
      <Filter>Header Files</Filter>
    </ClInclude>
    <ClInclude Include="apiGUI.h">
      <Filter>Header Files</Filter>
    </ClInclude>
    <ClInclude Include="apiInternet.h">
      <Filter>Header Files</Filter>
    </ClInclude>
    <ClInclude Include="apiLyrics.h">
      <Filter>Header Files</Filter>
    </ClInclude>
    <ClInclude Include="apiMenu.h">
      <Filter>Header Files</Filter>
    </ClInclude>
    <ClInclude Include="apiMessages.h">
      <Filter>Header Files</Filter>
    </ClInclude>
    <ClInclude Include="apiMUI.h">
      <Filter>Header Files</Filter>
    </ClInclude>
    <ClInclude Include="apiMusicLibrary.h">
      <Filter>Header Files</Filter>
    </ClInclude>
    <ClInclude Include="apiObjects.h">
      <Filter>Header Files</Filter>
    </ClInclude>
    <ClInclude Include="apiOptions.h">
      <Filter>Header Files</Filter>
    </ClInclude>
    <ClInclude Include="apiPlayer.h">
      <Filter>Header Files</Filter>
    </ClInclude>
    <ClInclude Include="apiPlaylists.h">
      <Filter>Header Files</Filter>
    </ClInclude>
    <ClInclude Include="apiPlugin.h">
      <Filter>Header Files</Filter>
    </ClInclude>
    <ClInclude Include="apiRemote.h">
      <Filter>Header Files</Filter>
    </ClInclude>
    <ClInclude Include="apiScheduler.h">
      <Filter>Header Files</Filter>
    </ClInclude>
    <ClInclude Include="apiSkins.h">
      <Filter>Header Files</Filter>
    </ClInclude>
    <ClInclude Include="apiTagEditor.h">
      <Filter>Header Files</Filter>
    </ClInclude>
    <ClInclude Include="apiThreading.h">
      <Filter>Header Files</Filter>
    </ClInclude>
    <ClInclude Include="apiVisuals.h">
      <Filter>Header Files</Filter>
    </ClInclude>
  </ItemGroup>
</Project>